
Microsoft Visual Studio Solution File, Format Version 12.00
# Visual Studio Version 16
VisualStudioVersion = 16.0.29503.13
MinimumVisualStudioVersion = 10.0.40219.1
Project("{9A19103F-16F7-4668-BE54-9A1E7A4F7556}") = "DOV.WebApi", "DOV.WebApi\DOV.WebApi.csproj", "{182C02DC-A0ED-4A40-BE1B-1093F6A7F47C}"
EndProject
Project("{FAE04EC0-301F-11D3-BF4B-00C04F79EFBC}") = "DOV.System", "DOV.System\DOV.System.csproj", "{534B1733-CAED-47E4-948B-540B0507D172}"
EndProject
Project("{FAE04EC0-301F-11D3-BF4B-00C04F79EFBC}") = "DOV.Entity", "DOV.Entity\DOV.Entity.csproj", "{1ADA7D55-09FC-4466-B07F-2111193183A6}"
EndProject
Global
	GlobalSection(SolutionConfigurationPlatforms) = preSolution
		Debug|Any CPU = Debug|Any CPU
		Release|Any CPU = Release|Any CPU
	EndGlobalSection
	GlobalSection(ProjectConfigurationPlatforms) = postSolution
		{182C02DC-A0ED-4A40-BE1B-1093F6A7F47C}.Debug|Any CPU.ActiveCfg = Debug|Any CPU
		{182C02DC-A0ED-4A40-BE1B-1093F6A7F47C}.Debug|Any CPU.Build.0 = Debug|Any CPU
		{182C02DC-A0ED-4A40-BE1B-1093F6A7F47C}.Release|Any CPU.ActiveCfg = Release|Any CPU
		{182C02DC-A0ED-4A40-BE1B-1093F6A7F47C}.Release|Any CPU.Build.0 = Release|Any CPU
		{534B1733-CAED-47E4-948B-540B0507D172}.Debug|Any CPU.ActiveCfg = Debug|Any CPU
		{534B1733-CAED-47E4-948B-540B0507D172}.Debug|Any CPU.Build.0 = Debug|Any CPU
		{534B1733-CAED-47E4-948B-540B0507D172}.Release|Any CPU.ActiveCfg = Release|Any CPU
		{534B1733-CAED-47E4-948B-540B0507D172}.Release|Any CPU.Build.0 = Release|Any CPU
		{1ADA7D55-09FC-4466-B07F-2111193183A6}.Debug|Any CPU.ActiveCfg = Debug|Any CPU
		{1ADA7D55-09FC-4466-B07F-2111193183A6}.Debug|Any CPU.Build.0 = Debug|Any CPU
		{1ADA7D55-09FC-4466-B07F-2111193183A6}.Release|Any CPU.ActiveCfg = Release|Any CPU
		{1ADA7D55-09FC-4466-B07F-2111193183A6}.Release|Any CPU.Build.0 = Release|Any CPU
	EndGlobalSection
	GlobalSection(SolutionProperties) = preSolution
		HideSolutionNode = FALSE
	EndGlobalSection
	GlobalSection(ExtensibilityGlobals) = postSolution
		SolutionGuid = {95B544EC-9DF1-4695-B2CC-6A1171F71D73}
	EndGlobalSection
EndGlobal
